// !$*UTF8*$!
{
	archiveVersion = 1;
	classes = {
	};
	objectVersion = 56;
	objects = {

/* Begin PBXBuildFile section */
		55628BD929282AF600CC982B /* Matches_Fashion_Test_AppApp.swift in Sources */ = {isa = PBXBuildFile; fileRef = 55628BD829282AF600CC982B /* Matches_Fashion_Test_AppApp.swift */; };
		55628BDB29282AF600CC982B /* ContentView.swift in Sources */ = {isa = PBXBuildFile; fileRef = 55628BDA29282AF600CC982B /* ContentView.swift */; };
		55628BDD29282AF700CC982B /* Assets.xcassets in Resources */ = {isa = PBXBuildFile; fileRef = 55628BDC29282AF700CC982B /* Assets.xcassets */; };
		55628BE029282AF700CC982B /* Preview Assets.xcassets in Resources */ = {isa = PBXBuildFile; fileRef = 55628BDF29282AF700CC982B /* Preview Assets.xcassets */; };
		55628BEA29282AF700CC982B /* Matches_Fashion_Test_AppTests.swift in Sources */ = {isa = PBXBuildFile; fileRef = 55628BE929282AF700CC982B /* Matches_Fashion_Test_AppTests.swift */; };
		55628BF429282AF700CC982B /* Matches_Fashion_Test_AppUITests.swift in Sources */ = {isa = PBXBuildFile; fileRef = 55628BF329282AF700CC982B /* Matches_Fashion_Test_AppUITests.swift */; };
		55628BF629282AF700CC982B /* Matches_Fashion_Test_AppUITestsLaunchTests.swift in Sources */ = {isa = PBXBuildFile; fileRef = 55628BF529282AF700CC982B /* Matches_Fashion_Test_AppUITestsLaunchTests.swift */; };
/* End PBXBuildFile section */

/* Begin PBXContainerItemProxy section */
		55628BE629282AF700CC982B /* PBXContainerItemProxy */ = {
			isa = PBXContainerItemProxy;
			containerPortal = 55628BCD29282AF600CC982B /* Project object */;
			proxyType = 1;
			remoteGlobalIDString = 55628BD429282AF600CC982B;
			remoteInfo = "Matches Fashion Test App";
		};
		55628BF029282AF700CC982B /* PBXContainerItemProxy */ = {
			isa = PBXContainerItemProxy;
			containerPortal = 55628BCD29282AF600CC982B /* Project object */;
			proxyType = 1;
			remoteGlobalIDString = 55628BD429282AF600CC982B;
			remoteInfo = "Matches Fashion Test App";
		};
/* End PBXContainerItemProxy section */

/* Begin PBXFileReference section */
		55628BD529282AF600CC982B /* Matches Fashion Test App.app */ = {isa = PBXFileReference; explicitFileType = wrapper.application; includeInIndex = 0; path = "Matches Fashion Test App.app"; sourceTree = BUILT_PRODUCTS_DIR; };
		55628BD829282AF600CC982B /* Matches_Fashion_Test_AppApp.swift */ = {isa = PBXFileReference; lastKnownFileType = sourcecode.swift; path = Matches_Fashion_Test_AppApp.swift; sourceTree = "<group>"; };
		55628BDA29282AF600CC982B /* ContentView.swift */ = {isa = PBXFileReference; lastKnownFileType = sourcecode.swift; path = ContentView.swift; sourceTree = "<group>"; };
		55628BDC29282AF700CC982B /* Assets.xcassets */ = {isa = PBXFileReference; lastKnownFileType = folder.assetcatalog; path = Assets.xcassets; sourceTree = "<group>"; };
		55628BDF29282AF700CC982B /* Preview Assets.xcassets */ = {isa = PBXFileReference; lastKnownFileType = folder.assetcatalog; path = "Preview Assets.xcassets"; sourceTree = "<group>"; };
		55628BE529282AF700CC982B /* Matches Fashion Test AppTests.xctest */ = {isa = PBXFileReference; explicitFileType = wrapper.cfbundle; includeInIndex = 0; path = "Matches Fashion Test AppTests.xctest"; sourceTree = BUILT_PRODUCTS_DIR; };
		55628BE929282AF700CC982B /* Matches_Fashion_Test_AppTests.swift */ = {isa = PBXFileReference; lastKnownFileType = sourcecode.swift; path = Matches_Fashion_Test_AppTests.swift; sourceTree = "<group>"; };
		55628BEF29282AF700CC982B /* Matches Fashion Test AppUITests.xctest */ = {isa = PBXFileReference; explicitFileType = wrapper.cfbundle; includeInIndex = 0; path = "Matches Fashion Test AppUITests.xctest"; sourceTree = BUILT_PRODUCTS_DIR; };
		55628BF329282AF700CC982B /* Matches_Fashion_Test_AppUITests.swift */ = {isa = PBXFileReference; lastKnownFileType = sourcecode.swift; path = Matches_Fashion_Test_AppUITests.swift; sourceTree = "<group>"; };
		55628BF529282AF700CC982B /* Matches_Fashion_Test_AppUITestsLaunchTests.swift */ = {isa = PBXFileReference; lastKnownFileType = sourcecode.swift; path = Matches_Fashion_Test_AppUITestsLaunchTests.swift; sourceTree = "<group>"; };
/* End PBXFileReference section */

/* Begin PBXFrameworksBuildPhase section */
		55628BD229282AF600CC982B /* Frameworks */ = {
			isa = PBXFrameworksBuildPhase;
			buildActionMask = 2147483647;
			files = (
			);
			runOnlyForDeploymentPostprocessing = 0;
		};
		55628BE229282AF700CC982B /* Frameworks */ = {
			isa = PBXFrameworksBuildPhase;
			buildActionMask = 2147483647;
			files = (
			);
			runOnlyForDeploymentPostprocessing = 0;
		};
		55628BEC29282AF700CC982B /* Frameworks */ = {
			isa = PBXFrameworksBuildPhase;
			buildActionMask = 2147483647;
			files = (
			);
			runOnlyForDeploymentPostprocessing = 0;
		};
/* End PBXFrameworksBuildPhase section */

/* Begin PBXGroup section */
		55628BCC29282AF600CC982B = {
			isa = PBXGroup;
			children = (
				55628BD729282AF600CC982B /* Matches Fashion Test App */,
				55628BE829282AF700CC982B /* Matches Fashion Test AppTests */,
				55628BF229282AF700CC982B /* Matches Fashion Test AppUITests */,
				55628BD629282AF600CC982B /* Products */,
			);
			sourceTree = "<group>";
		};
		55628BD629282AF600CC982B /* Products */ = {
			isa = PBXGroup;
			children = (
				55628BD529282AF600CC982B /* Matches Fashion Test App.app */,
				55628BE529282AF700CC982B /* Matches Fashion Test AppTests.xctest */,
				55628BEF29282AF700CC982B /* Matches Fashion Test AppUITests.xctest */,
			);
			name = Products;
			sourceTree = "<group>";
		};
		55628BD729282AF600CC982B /* Matches Fashion Test App */ = {
			isa = PBXGroup;
			children = (
				55628BD829282AF600CC982B /* Matches_Fashion_Test_AppApp.swift */,
				55628BDA29282AF600CC982B /* ContentView.swift */,
				55628BDC29282AF700CC982B /* Assets.xcassets */,
				55628BDE29282AF700CC982B /* Preview Content */,
			);
			path = "Matches Fashion Test App";
			sourceTree = "<group>";
		};
		55628BDE29282AF700CC982B /* Preview Content */ = {
			isa = PBXGroup;
			children = (
				55628BDF29282AF700CC982B /* Preview Assets.xcassets */,
			);
			path = "Preview Content";
			sourceTree = "<group>";
		};
		55628BE829282AF700CC982B /* Matches Fashion Test AppTests */ = {
			isa = PBXGroup;
			children = (
				55628BE929282AF700CC982B /* Matches_Fashion_Test_AppTests.swift */,
			);
			path = "Matches Fashion Test AppTests";
			sourceTree = "<group>";
		};
		55628BF229282AF700CC982B /* Matches Fashion Test AppUITests */ = {
			isa = PBXGroup;
			children = (
				55628BF329282AF700CC982B /* Matches_Fashion_Test_AppUITests.swift */,
				55628BF529282AF700CC982B /* Matches_Fashion_Test_AppUITestsLaunchTests.swift */,
			);
			path = "Matches Fashion Test AppUITests";
			sourceTree = "<group>";
		};
/* End PBXGroup section */

/* Begin PBXNativeTarget section */
		55628BD429282AF600CC982B /* Matches Fashion Test App */ = {
			isa = PBXNativeTarget;
			buildConfigurationList = 55628BF929282AF700CC982B /* Build configuration list for PBXNativeTarget "Matches Fashion Test App" */;
			buildPhases = (
				55628BD129282AF600CC982B /* Sources */,
				55628BD229282AF600CC982B /* Frameworks */,
				55628BD329282AF600CC982B /* Resources */,
			);
			buildRules = (
			);
			dependencies = (
			);
			name = "Matches Fashion Test App";
			productName = "Matches Fashion Test App";
			productReference = 55628BD529282AF600CC982B /* Matches Fashion Test App.app */;
			productType = "com.apple.product-type.application";
		};
		55628BE429282AF700CC982B /* Matches Fashion Test AppTests */ = {
			isa = PBXNativeTarget;
			buildConfigurationList = 55628BFC29282AF700CC982B /* Build configuration list for PBXNativeTarget "Matches Fashion Test AppTests" */;
			buildPhases = (
				55628BE129282AF700CC982B /* Sources */,
				55628BE229282AF700CC982B /* Frameworks */,
				55628BE329282AF700CC982B /* Resources */,
			);
			buildRules = (
			);
			dependencies = (
				55628BE729282AF700CC982B /* PBXTargetDependency */,
			);
			name = "Matches Fashion Test AppTests";
			productName = "Matches Fashion Test AppTests";
			productReference = 55628BE529282AF700CC982B /* Matches Fashion Test AppTests.xctest */;
			productType = "com.apple.product-type.bundle.unit-test";
		};
		55628BEE29282AF700CC982B /* Matches Fashion Test AppUITests */ = {
			isa = PBXNativeTarget;
			buildConfigurationList = 55628BFF29282AF700CC982B /* Build configuration list for PBXNativeTarget "Matches Fashion Test AppUITests" */;
			buildPhases = (
				55628BEB29282AF700CC982B /* Sources */,
				55628BEC29282AF700CC982B /* Frameworks */,
				55628BED29282AF700CC982B /* Resources */,
			);
			buildRules = (
			);
			dependencies = (
				55628BF129282AF700CC982B /* PBXTargetDependency */,
			);
			name = "Matches Fashion Test AppUITests";
			productName = "Matches Fashion Test AppUITests";
			productReference = 55628BEF29282AF700CC982B /* Matches Fashion Test AppUITests.xctest */;
			productType = "com.apple.product-type.bundle.ui-testing";
		};
/* End PBXNativeTarget section */

/* Begin PBXProject section */
		55628BCD29282AF600CC982B /* Project object */ = {
			isa = PBXProject;
			attributes = {
				BuildIndependentTargetsInParallel = 1;
				LastSwiftUpdateCheck = 1410;
				LastUpgradeCheck = 1410;
				TargetAttributes = {
					55628BD429282AF600CC982B = {
						CreatedOnToolsVersion = 14.1;
					};
					55628BE429282AF700CC982B = {
						CreatedOnToolsVersion = 14.1;
						TestTargetID = 55628BD429282AF600CC982B;
					};
					55628BEE29282AF700CC982B = {
						CreatedOnToolsVersion = 14.1;
						TestTargetID = 55628BD429282AF600CC982B;
					};
				};
			};
			buildConfigurationList = 55628BD029282AF600CC982B /* Build configuration list for PBXProject "Matches Fashion Test App" */;
			compatibilityVersion = "Xcode 14.0";
			developmentRegion = en;
			hasScannedForEncodings = 0;
			knownRegions = (
				en,
				Base,
			);
			mainGroup = 55628BCC29282AF600CC982B;
			productRefGroup = 55628BD629282AF600CC982B /* Products */;
			projectDirPath = "";
			projectRoot = "";
			targets = (
				55628BD429282AF600CC982B /* Matches Fashion Test App */,
				55628BE429282AF700CC982B /* Matches Fashion Test AppTests */,
				55628BEE29282AF700CC982B /* Matches Fashion Test AppUITests */,
			);
		};
/* End PBXProject section */

/* Begin PBXResourcesBuildPhase section */
		55628BD329282AF600CC982B /* Resources */ = {
			isa = PBXResourcesBuildPhase;
			buildActionMask = 2147483647;
			files = (
				55628BE029282AF700CC982B /* Preview Assets.xcassets in Resources */,
				55628BDD29282AF700CC982B /* Assets.xcassets in Resources */,
			);
			runOnlyForDeploymentPostprocessing = 0;
		};
		55628BE329282AF700CC982B /* Resources */ = {
			isa = PBXResourcesBuildPhase;
			buildActionMask = 2147483647;
			files = (
			);
			runOnlyForDeploymentPostprocessing = 0;
		};
		55628BED29282AF700CC982B /* Resources */ = {
			isa = PBXResourcesBuildPhase;
			buildActionMask = 2147483647;
			files = (
			);
			runOnlyForDeploymentPostprocessing = 0;
		};
/* End PBXResourcesBuildPhase section */

/* Begin PBXSourcesBuildPhase section */
		55628BD129282AF600CC982B /* Sources */ = {
			isa = PBXSourcesBuildPhase;
			buildActionMask = 2147483647;
			files = (
				55628BDB29282AF600CC982B /* ContentView.swift in Sources */,
				55628BD929282AF600CC982B /* Matches_Fashion_Test_AppApp.swift in Sources */,
			);
			runOnlyForDeploymentPostprocessing = 0;
		};
		55628BE129282AF700CC982B /* Sources */ = {
			isa = PBXSourcesBuildPhase;
			buildActionMask = 2147483647;
			files = (
				55628BEA29282AF700CC982B /* Matches_Fashion_Test_AppTests.swift in Sources */,
			);
			runOnlyForDeploymentPostprocessing = 0;
		};
		55628BEB29282AF700CC982B /* Sources */ = {
			isa = PBXSourcesBuildPhase;
			buildActionMask = 2147483647;
			files = (
				55628BF429282AF700CC982B /* Matches_Fashion_Test_AppUITests.swift in Sources */,
				55628BF629282AF700CC982B /* Matches_Fashion_Test_AppUITestsLaunchTests.swift in Sources */,
			);
			runOnlyForDeploymentPostprocessing = 0;
		};
/* End PBXSourcesBuildPhase section */

/* Begin PBXTargetDependency section */
		55628BE729282AF700CC982B /* PBXTargetDependency */ = {
			isa = PBXTargetDependency;
			target = 55628BD429282AF600CC982B /* Matches Fashion Test App */;
			targetProxy = 55628BE629282AF700CC982B /* PBXContainerItemProxy */;
		};
		55628BF129282AF700CC982B /* PBXTargetDependency */ = {
			isa = PBXTargetDependency;
			target = 55628BD429282AF600CC982B /* Matches Fashion Test App */;
			targetProxy = 55628BF029282AF700CC982B /* PBXContainerItemProxy */;
		};
/* End PBXTargetDependency section */

/* Begin XCBuildConfiguration section */
		55628BF729282AF700CC982B /* Debug */ = {
			isa = XCBuildConfiguration;
			buildSettings = {
				ALWAYS_SEARCH_USER_PATHS = NO;
				CLANG_ANALYZER_NONNULL = YES;
				CLANG_ANALYZER_NUMBER_OBJECT_CONVERSION = YES_AGGRESSIVE;
				CLANG_CXX_LANGUAGE_STANDARD = "gnu++20";
				CLANG_ENABLE_MODULES = YES;
				CLANG_ENABLE_OBJC_ARC = YES;
				CLANG_ENABLE_OBJC_WEAK = YES;
				CLANG_WARN_BLOCK_CAPTURE_AUTORELEASING = YES;
				CLANG_WARN_BOOL_CONVERSION = YES;
				CLANG_WARN_COMMA = YES;
				CLANG_WARN_CONSTANT_CONVERSION = YES;
				CLANG_WARN_DEPRECATED_OBJC_IMPLEMENTATIONS = YES;
				CLANG_WARN_DIRECT_OBJC_ISA_USAGE = YES_ERROR;
				CLANG_WARN_DOCUMENTATION_COMMENTS = YES;
				CLANG_WARN_EMPTY_BODY = YES;
				CLANG_WARN_ENUM_CONVERSION = YES;
				CLANG_WARN_INFINITE_RECURSION = YES;
				CLANG_WARN_INT_CONVERSION = YES;
				CLANG_WARN_NON_LITERAL_NULL_CONVERSION = YES;
				CLANG_WARN_OBJC_IMPLICIT_RETAIN_SELF = YES;
				CLANG_WARN_OBJC_LITERAL_CONVERSION = YES;
				CLANG_WARN_OBJC_ROOT_CLASS = YES_ERROR;
				CLANG_WARN_QUOTED_INCLUDE_IN_FRAMEWORK_HEADER = YES;
				CLANG_WARN_RANGE_LOOP_ANALYSIS = YES;
				CLANG_WARN_STRICT_PROTOTYPES = YES;
				CLANG_WARN_SUSPICIOUS_MOVE = YES;
				CLANG_WARN_UNGUARDED_AVAILABILITY = YES_AGGRESSIVE;
				CLANG_WARN_UNREACHABLE_CODE = YES;
				CLANG_WARN__DUPLICATE_METHOD_MATCH = YES;
				COPY_PHASE_STRIP = NO;
				DEBUG_INFORMATION_FORMAT = dwarf;
				ENABLE_STRICT_OBJC_MSGSEND = YES;
				ENABLE_TESTABILITY = YES;
				GCC_C_LANGUAGE_STANDARD = gnu11;
				GCC_DYNAMIC_NO_PIC = NO;
				GCC_NO_COMMON_BLOCKS = YES;
				GCC_OPTIMIZATION_LEVEL = 0;
				GCC_PREPROCESSOR_DEFINITIONS = (
					"DEBUG=1",
					"$(inherited)",
				);
				GCC_WARN_64_TO_32_BIT_CONVERSION = YES;
				GCC_WARN_ABOUT_RETURN_TYPE = YES_ERROR;
				GCC_WARN_UNDECLARED_SELECTOR = YES;
				GCC_WARN_UNINITIALIZED_AUTOS = YES_AGGRESSIVE;
				GCC_WARN_UNUSED_FUNCTION = YES;
				GCC_WARN_UNUSED_VARIABLE = YES;
				IPHONEOS_DEPLOYMENT_TARGET = 16.1;
				MTL_ENABLE_DEBUG_INFO = INCLUDE_SOURCE;
				MTL_FAST_MATH = YES;
				ONLY_ACTIVE_ARCH = YES;
				SDKROOT = iphoneos;
				SWIFT_ACTIVE_COMPILATION_CONDITIONS = DEBUG;
				SWIFT_OPTIMIZATION_LEVEL = "-Onone";
			};
			name = Debug;
		};
		55628BF829282AF700CC982B /* Release */ = {
			isa = XCBuildConfiguration;
			buildSettings = {
				ALWAYS_SEARCH_USER_PATHS = NO;
				CLANG_ANALYZER_NONNULL = YES;
				CLANG_ANALYZER_NUMBER_OBJECT_CONVERSION = YES_AGGRESSIVE;
				CLANG_CXX_LANGUAGE_STANDARD = "gnu++20";
				CLANG_ENABLE_MODULES = YES;
				CLANG_ENABLE_OBJC_ARC = YES;
				CLANG_ENABLE_OBJC_WEAK = YES;
				CLANG_WARN_BLOCK_CAPTURE_AUTORELEASING = YES;
				CLANG_WARN_BOOL_CONVERSION = YES;
				CLANG_WARN_COMMA = YES;
				CLANG_WARN_CONSTANT_CONVERSION = YES;
				CLANG_WARN_DEPRECATED_OBJC_IMPLEMENTATIONS = YES;
				CLANG_WARN_DIRECT_OBJC_ISA_USAGE = YES_ERROR;
				CLANG_WARN_DOCUMENTATION_COMMENTS = YES;
				CLANG_WARN_EMPTY_BODY = YES;
				CLANG_WARN_ENUM_CONVERSION = YES;
				CLANG_WARN_INFINITE_RECURSION = YES;
				CLANG_WARN_INT_CONVERSION = YES;
				CLANG_WARN_NON_LITERAL_NULL_CONVERSION = YES;
				CLANG_WARN_OBJC_IMPLICIT_RETAIN_SELF = YES;
				CLANG_WARN_OBJC_LITERAL_CONVERSION = YES;
				CLANG_WARN_OBJC_ROOT_CLASS = YES_ERROR;
				CLANG_WARN_QUOTED_INCLUDE_IN_FRAMEWORK_HEADER = YES;
				CLANG_WARN_RANGE_LOOP_ANALYSIS = YES;
				CLANG_WARN_STRICT_PROTOTYPES = YES;
				CLANG_WARN_SUSPICIOUS_MOVE = YES;
				CLANG_WARN_UNGUARDED_AVAILABILITY = YES_AGGRESSIVE;
				CLANG_WARN_UNREACHABLE_CODE = YES;
				CLANG_WARN__DUPLICATE_METHOD_MATCH = YES;
				COPY_PHASE_STRIP = NO;
				DEBUG_INFORMATION_FORMAT = "dwarf-with-dsym";
				ENABLE_NS_ASSERTIONS = NO;
				ENABLE_STRICT_OBJC_MSGSEND = YES;
				GCC_C_LANGUAGE_STANDARD = gnu11;
				GCC_NO_COMMON_BLOCKS = YES;
				GCC_WARN_64_TO_32_BIT_CONVERSION = YES;
				GCC_WARN_ABOUT_RETURN_TYPE = YES_ERROR;
				GCC_WARN_UNDECLARED_SELECTOR = YES;
				GCC_WARN_UNINITIALIZED_AUTOS = YES_AGGRESSIVE;
				GCC_WARN_UNUSED_FUNCTION = YES;
				GCC_WARN_UNUSED_VARIABLE = YES;
				IPHONEOS_DEPLOYMENT_TARGET = 16.1;
				MTL_ENABLE_DEBUG_INFO = NO;
				MTL_FAST_MATH = YES;
				SDKROOT = iphoneos;
				SWIFT_COMPILATION_MODE = wholemodule;
				SWIFT_OPTIMIZATION_LEVEL = "-O";
				VALIDATE_PRODUCT = YES;
			};
			name = Release;
		};
		55628BFA29282AF700CC982B /* Debug */ = {
			isa = XCBuildConfiguration;
			buildSettings = {
				ASSETCATALOG_COMPILER_APPICON_NAME = AppIcon;
				ASSETCATALOG_COMPILER_GLOBAL_ACCENT_COLOR_NAME = AccentColor;
				CODE_SIGN_STYLE = Automatic;
				CURRENT_PROJECT_VERSION = 1;
				DEVELOPMENT_ASSET_PATHS = "\"Matches Fashion Test App/Preview Content\"";
				DEVELOPMENT_TEAM = X3TX6B4TU3;
				ENABLE_PREVIEWS = YES;
				GENERATE_INFOPLIST_FILE = YES;
				INFOPLIST_KEY_UIApplicationSceneManifest_Generation = YES;
				INFOPLIST_KEY_UIApplicationSupportsIndirectInputEvents = YES;
				INFOPLIST_KEY_UILaunchScreen_Generation = YES;
				INFOPLIST_KEY_UISupportedInterfaceOrientations_iPad = "UIInterfaceOrientationPortrait UIInterfaceOrientationPortraitUpsideDown UIInterfaceOrientationLandscapeLeft UIInterfaceOrientationLandscapeRight";
				INFOPLIST_KEY_UISupportedInterfaceOrientations_iPhone = "UIInterfaceOrientationPortrait UIInterfaceOrientationLandscapeLeft UIInterfaceOrientationLandscapeRight";
				LD_RUNPATH_SEARCH_PATHS = (
					"$(inherited)",
					"@executable_path/Frameworks",
				);
				MARKETING_VERSION = 1.0;
				PRODUCT_BUNDLE_IDENTIFIER = "daveBage.Matches-Fashion-Test-App";
				PRODUCT_NAME = "$(TARGET_NAME)";
				SWIFT_EMIT_LOC_STRINGS = YES;
				SWIFT_VERSION = 5.0;
				TARGETED_DEVICE_FAMILY = "1,2";
			};
			name = Debug;
		};
		55628BFB29282AF700CC982B /* Release */ = {
			isa = XCBuildConfiguration;
			buildSettings = {
				ASSETCATALOG_COMPILER_APPICON_NAME = AppIcon;
				ASSETCATALOG_COMPILER_GLOBAL_ACCENT_COLOR_NAME = AccentColor;
				CODE_SIGN_STYLE = Automatic;
				CURRENT_PROJECT_VERSION = 1;
				DEVELOPMENT_ASSET_PATHS = "\"Matches Fashion Test App/Preview Content\"";
				DEVELOPMENT_TEAM = X3TX6B4TU3;
				ENABLE_PREVIEWS = YES;
				GENERATE_INFOPLIST_FILE = YES;
				INFOPLIST_KEY_UIApplicationSceneManifest_Generation = YES;
				INFOPLIST_KEY_UIApplicationSupportsIndirectInputEvents = YES;
				INFOPLIST_KEY_UILaunchScreen_Generation = YES;
				INFOPLIST_KEY_UISupportedInterfaceOrientations_iPad = "UIInterfaceOrientationPortrait UIInterfaceOrientationPortraitUpsideDown UIInterfaceOrientationLandscapeLeft UIInterfaceOrientationLandscapeRight";
				INFOPLIST_KEY_UISupportedInterfaceOrientations_iPhone = "UIInterfaceOrientationPortrait UIInterfaceOrientationLandscapeLeft UIInterfaceOrientationLandscapeRight";
				LD_RUNPATH_SEARCH_PATHS = (
					"$(inherited)",
					"@executable_path/Frameworks",
				);
				MARKETING_VERSION = 1.0;
				PRODUCT_BUNDLE_IDENTIFIER = "daveBage.Matches-Fashion-Test-App";
				PRODUCT_NAME = "$(TARGET_NAME)";
				SWIFT_EMIT_LOC_STRINGS = YES;
				SWIFT_VERSION = 5.0;
				TARGETED_DEVICE_FAMILY = "1,2";
			};
			name = Release;
		};
		55628BFD29282AF700CC982B /* Debug */ = {
			isa = XCBuildConfiguration;
			buildSettings = {
				ALWAYS_EMBED_SWIFT_STANDARD_LIBRARIES = YES;
				BUNDLE_LOADER = "$(TEST_HOST)";
				CODE_SIGN_STYLE = Automatic;
				CURRENT_PROJECT_VERSION = 1;
				DEVELOPMENT_TEAM = X3TX6B4TU3;
				GENERATE_INFOPLIST_FILE = YES;
				IPHONEOS_DEPLOYMENT_TARGET = 16.1;
				MARKETING_VERSION = 1.0;
				PRODUCT_BUNDLE_IDENTIFIER = "daveBage.Matches-Fashion-Test-AppTests";
				PRODUCT_NAME = "$(TARGET_NAME)";
				SWIFT_EMIT_LOC_STRINGS = NO;
				SWIFT_VERSION = 5.0;
				TARGETED_DEVICE_FAMILY = "1,2";
				TEST_HOST = "$(BUILT_PRODUCTS_DIR)/Matches Fashion Test App.app/$(BUNDLE_EXECUTABLE_FOLDER_PATH)/Matches Fashion Test App";
			};
			name = Debug;
		};
		55628BFE29282AF700CC982B /* Release */ = {
			isa = XCBuildConfiguration;
			buildSettings = {
				ALWAYS_EMBED_SWIFT_STANDARD_LIBRARIES = YES;
				BUNDLE_LOADER = "$(TEST_HOST)";
				CODE_SIGN_STYLE = Automatic;
				CURRENT_PROJECT_VERSION = 1;
				DEVELOPMENT_TEAM = X3TX6B4TU3;
				GENERATE_INFOPLIST_FILE = YES;
				IPHONEOS_DEPLOYMENT_TARGET = 16.1;
				MARKETING_VERSION = 1.0;
				PRODUCT_BUNDLE_IDENTIFIER = "daveBage.Matches-Fashion-Test-AppTests";
				PRODUCT_NAME = "$(TARGET_NAME)";
				SWIFT_EMIT_LOC_STRINGS = NO;
				SWIFT_VERSION = 5.0;
				TARGETED_DEVICE_FAMILY = "1,2";
				TEST_HOST = "$(BUILT_PRODUCTS_DIR)/Matches Fashion Test App.app/$(BUNDLE_EXECUTABLE_FOLDER_PATH)/Matches Fashion Test App";
			};
			name = Release;
		};
		55628C0029282AF700CC982B /* Debug */ = {
			isa = XCBuildConfiguration;
			buildSettings = {
				ALWAYS_EMBED_SWIFT_STANDARD_LIBRARIES = YES;
				CODE_SIGN_STYLE = Automatic;
				CURRENT_PROJECT_VERSION = 1;
				DEVELOPMENT_TEAM = X3TX6B4TU3;
				GENERATE_INFOPLIST_FILE = YES;
				MARKETING_VERSION = 1.0;
				PRODUCT_BUNDLE_IDENTIFIER = "daveBage.Matches-Fashion-Test-AppUITests";
				PRODUCT_NAME = "$(TARGET_NAME)";
				SWIFT_EMIT_LOC_STRINGS = NO;
				SWIFT_VERSION = 5.0;
				TARGETED_DEVICE_FAMILY = "1,2";
				TEST_TARGET_NAME = "Matches Fashion Test App";
			};
			name = Debug;
		};
		55628C0129282AF700CC982B /* Release */ = {
			isa = XCBuildConfiguration;
			buildSettings = {
				ALWAYS_EMBED_SWIFT_STANDARD_LIBRARIES = YES;
				CODE_SIGN_STYLE = Automatic;
				CURRENT_PROJECT_VERSION = 1;
				DEVELOPMENT_TEAM = X3TX6B4TU3;
				GENERATE_INFOPLIST_FILE = YES;
				MARKETING_VERSION = 1.0;
				PRODUCT_BUNDLE_IDENTIFIER = "daveBage.Matches-Fashion-Test-AppUITests";
				PRODUCT_NAME = "$(TARGET_NAME)";
				SWIFT_EMIT_LOC_STRINGS = NO;
				SWIFT_VERSION = 5.0;
				TARGETED_DEVICE_FAMILY = "1,2";
				TEST_TARGET_NAME = "Matches Fashion Test App";
			};
			name = Release;
		};
/* End XCBuildConfiguration section */

/* Begin XCConfigurationList section */
		55628BD029282AF600CC982B /* Build configuration list for PBXProject "Matches Fashion Test App" */ = {
			isa = XCConfigurationList;
			buildConfigurations = (
				55628BF729282AF700CC982B /* Debug */,
				55628BF829282AF700CC982B /* Release */,
			);
			defaultConfigurationIsVisible = 0;
			defaultConfigurationName = Release;
		};
		55628BF929282AF700CC982B /* Build configuration list for PBXNativeTarget "Matches Fashion Test App" */ = {
			isa = XCConfigurationList;
			buildConfigurations = (
				55628BFA29282AF700CC982B /* Debug */,
				55628BFB29282AF700CC982B /* Release */,
			);
			defaultConfigurationIsVisible = 0;
			defaultConfigurationName = Release;
		};
		55628BFC29282AF700CC982B /* Build configuration list for PBXNativeTarget "Matches Fashion Test AppTests" */ = {
			isa = XCConfigurationList;
			buildConfigurations = (
				55628BFD29282AF700CC982B /* Debug */,
				55628BFE29282AF700CC982B /* Release */,
			);
			defaultConfigurationIsVisible = 0;
			defaultConfigurationName = Release;
		};
		55628BFF29282AF700CC982B /* Build configuration list for PBXNativeTarget "Matches Fashion Test AppUITests" */ = {
			isa = XCConfigurationList;
			buildConfigurations = (
				55628C0029282AF700CC982B /* Debug */,
				55628C0129282AF700CC982B /* Release */,
			);
			defaultConfigurationIsVisible = 0;
			defaultConfigurationName = Release;
		};
/* End XCConfigurationList section */
	};
	rootObject = 55628BCD29282AF600CC982B /* Project object */;
}
